
Microsoft Visual Studio Solution File, Format Version 12.00
# Visual Studio Version 16
VisualStudioVersion = 16.0.30523.141
MinimumVisualStudioVersion = 10.0.40219.1
Project("{9A19103F-16F7-4668-BE54-9A1E7A4F7556}") = "Server", "Server\Server.csproj", "{6A64AFA5-8EA7-4DB9-A5BF-9C438926B60B}"
EndProject
Project("{FAE04EC0-301F-11D3-BF4B-00C04F79EFBC}") = "Server.Business", "Server.Business\Server.Business.csproj", "{8E7DEE0F-DBF5-4F8E-97BC-D291A68C81D8}"
EndProject
Global
	GlobalSection(SolutionConfigurationPlatforms) = preSolution
		Debug|Any CPU = Debug|Any CPU
		Release|Any CPU = Release|Any CPU
	EndGlobalSection
	GlobalSection(ProjectConfigurationPlatforms) = postSolution
		{6A64AFA5-8EA7-4DB9-A5BF-9C438926B60B}.Debug|Any CPU.ActiveCfg = Debug|Any CPU
		{6A64AFA5-8EA7-4DB9-A5BF-9C438926B60B}.Debug|Any CPU.Build.0 = Debug|Any CPU
		{6A64AFA5-8EA7-4DB9-A5BF-9C438926B60B}.Release|Any CPU.ActiveCfg = Release|Any CPU
		{6A64AFA5-8EA7-4DB9-A5BF-9C438926B60B}.Release|Any CPU.Build.0 = Release|Any CPU
		{8E7DEE0F-DBF5-4F8E-97BC-D291A68C81D8}.Debug|Any CPU.ActiveCfg = Debug|Any CPU
		{8E7DEE0F-DBF5-4F8E-97BC-D291A68C81D8}.Debug|Any CPU.Build.0 = Debug|Any CPU
		{8E7DEE0F-DBF5-4F8E-97BC-D291A68C81D8}.Release|Any CPU.ActiveCfg = Release|Any CPU
		{8E7DEE0F-DBF5-4F8E-97BC-D291A68C81D8}.Release|Any CPU.Build.0 = Release|Any CPU
	EndGlobalSection
	GlobalSection(SolutionProperties) = preSolution
		HideSolutionNode = FALSE
	EndGlobalSection
	GlobalSection(ExtensibilityGlobals) = postSolution
		SolutionGuid = {B136FD3B-3E17-40DE-A48E-3F061D37BFDC}
	EndGlobalSection
EndGlobal
